
Microsoft Visual Studio Solution File, Format Version 12.00
# Visual Studio Version 17
VisualStudioVersion = 17.0.31912.275
MinimumVisualStudioVersion = 10.0.40219.1
Project("{FAE04EC0-301F-11D3-BF4B-00C04F79EFBC}") = "Calculadoraa", "Calculadoraa\Calculadoraa.csproj", "{EAB92958-FBAC-4F23-BA57-72242FF1CD7A}"
EndProject
Global
	GlobalSection(SolutionConfigurationPlatforms) = preSolution
		Debug|Any CPU = Debug|Any CPU
		Release|Any CPU = Release|Any CPU
	EndGlobalSection
	GlobalSection(ProjectConfigurationPlatforms) = postSolution
		{EAB92958-FBAC-4F23-BA57-72242FF1CD7A}.Debug|Any CPU.ActiveCfg = Debug|Any CPU
		{EAB92958-FBAC-4F23-BA57-72242FF1CD7A}.Debug|Any CPU.Build.0 = Debug|Any CPU
		{EAB92958-FBAC-4F23-BA57-72242FF1CD7A}.Release|Any CPU.ActiveCfg = Release|Any CPU
		{EAB92958-FBAC-4F23-BA57-72242FF1CD7A}.Release|Any CPU.Build.0 = Release|Any CPU
	EndGlobalSection
	GlobalSection(SolutionProperties) = preSolution
		HideSolutionNode = FALSE
	EndGlobalSection
	GlobalSection(ExtensibilityGlobals) = postSolution
		SolutionGuid = {508FFB5B-3CCA-44D5-B95B-D92246F8A869}
	EndGlobalSection
EndGlobal
